
Microsoft Visual Studio Solution File, Format Version 12.00
# Visual Studio Version 17
VisualStudioVersion = 17.1.32210.238
MinimumVisualStudioVersion = 10.0.40219.1
Project("{FAE04EC0-301F-11D3-BF4B-00C04F79EFBC}") = "UI", "src\UI\Tubes2Stima.csproj", "{B5117945-9404-4B2B-9466-E651490D6542}"
EndProject
Project("{FAE04EC0-301F-11D3-BF4B-00C04F79EFBC}") = "Library", "src\Library\PathFinder.csproj", "{477F3A92-DB37-448A-A29B-5156751CDF8C}"
EndProject
Project("{FAE04EC0-301F-11D3-BF4B-00C04F79EFBC}") = "Testing", "src\Testing\Testing.csproj", "{28BF6524-15FD-4DBB-AFCF-56176CFCA38E}"
EndProject
Global
	GlobalSection(SolutionConfigurationPlatforms) = preSolution
		Debug|Any CPU = Debug|Any CPU
		Release|Any CPU = Release|Any CPU
	EndGlobalSection
	GlobalSection(ProjectConfigurationPlatforms) = postSolution
		{B5117945-9404-4B2B-9466-E651490D6542}.Debug|Any CPU.ActiveCfg = Debug|Any CPU
		{B5117945-9404-4B2B-9466-E651490D6542}.Debug|Any CPU.Build.0 = Debug|Any CPU
		{B5117945-9404-4B2B-9466-E651490D6542}.Release|Any CPU.ActiveCfg = Release|Any CPU
		{B5117945-9404-4B2B-9466-E651490D6542}.Release|Any CPU.Build.0 = Release|Any CPU
		{477F3A92-DB37-448A-A29B-5156751CDF8C}.Debug|Any CPU.ActiveCfg = Debug|Any CPU
		{477F3A92-DB37-448A-A29B-5156751CDF8C}.Debug|Any CPU.Build.0 = Debug|Any CPU
		{477F3A92-DB37-448A-A29B-5156751CDF8C}.Release|Any CPU.ActiveCfg = Release|Any CPU
		{477F3A92-DB37-448A-A29B-5156751CDF8C}.Release|Any CPU.Build.0 = Release|Any CPU
		{28BF6524-15FD-4DBB-AFCF-56176CFCA38E}.Debug|Any CPU.ActiveCfg = Debug|Any CPU
		{28BF6524-15FD-4DBB-AFCF-56176CFCA38E}.Debug|Any CPU.Build.0 = Debug|Any CPU
		{28BF6524-15FD-4DBB-AFCF-56176CFCA38E}.Release|Any CPU.ActiveCfg = Release|Any CPU
		{28BF6524-15FD-4DBB-AFCF-56176CFCA38E}.Release|Any CPU.Build.0 = Release|Any CPU
	EndGlobalSection
	GlobalSection(SolutionProperties) = preSolution
		HideSolutionNode = FALSE
	EndGlobalSection
	GlobalSection(ExtensibilityGlobals) = postSolution
		SolutionGuid = {49AEF145-216D-4E41-B81E-A44A1989BEC9}
	EndGlobalSection
EndGlobal
